// !$*UTF8*$!
{
	archiveVersion = 1;
	classes = {
	};
	objectVersion = 46;
	objects = {

/* Begin PBXBuildFile section */
		C500627018AD348800371E5D /* MMPPluginMissing.h in Headers */ = {isa = PBXBuildFile; fileRef = C500626E18AD348800371E5D /* MMPPluginMissing.h */; };
		C500627118AD348800371E5D /* MMPPluginMissing.m in Sources */ = {isa = PBXBuildFile; fileRef = C500626F18AD348800371E5D /* MMPPluginMissing.m */; };
		C50062C018AFDCBC00371E5D /* MMPAttributedStringBase.h in Headers */ = {isa = PBXBuildFile; fileRef = C50062BE18AFDCBC00371E5D /* MMPAttributedStringBase.h */; settings = {ATTRIBUTES = (Public, ); }; };
		C50062C118AFDCBC00371E5D /* MMPAttributedStringBase.m in Sources */ = {isa = PBXBuildFile; fileRef = C50062BF18AFDCBC00371E5D /* MMPAttributedStringBase.m */; };
		C530E0CF18B19EFE00EF1E37 /* MMPMessageViewOptions.h in Headers */ = {isa = PBXBuildFile; fileRef = C530E0CD18B19EFE00EF1E37 /* MMPMessageViewOptions.h */; settings = {ATTRIBUTES = (Public, ); }; };
		C530E0D018B19EFE00EF1E37 /* MMPMessageViewOptions.m in Sources */ = {isa = PBXBuildFile; fileRef = C530E0CE18B19EFE00EF1E37 /* MMPMessageViewOptions.m */; };
		C55081AA18A1757600F4D77A /* MMPMimeProxy.h in Headers */ = {isa = PBXBuildFile; fileRef = C55081A818A1757600F4D77A /* MMPMimeProxy.h */; settings = {ATTRIBUTES = (Public, ); }; };
		C55081AB18A1757600F4D77A /* MMPMimeProxy.m in Sources */ = {isa = PBXBuildFile; fileRef = C55081A918A1757600F4D77A /* MMPMimeProxy.m */; };
		C55081AC18A1757600F4D77A /* MMPMimeProxy.m in Sources */ = {isa = PBXBuildFile; fileRef = C55081A918A1757600F4D77A /* MMPMimeProxy.m */; };
		C55081B218A178CB00F4D77A /* MMPBaseMimeView.h in Headers */ = {isa = PBXBuildFile; fileRef = C5BB136818A14B9D001B513E /* MMPBaseMimeView.h */; settings = {ATTRIBUTES = (Public, ); }; };
		C583065A18A6AA45006C279D /* MBMimeViewerPluginsManager.h in Headers */ = {isa = PBXBuildFile; fileRef = C583065818A6AA45006C279D /* MBMimeViewerPluginsManager.h */; settings = {ATTRIBUTES = (Public, ); }; };
		C583065B18A6AA45006C279D /* MBMimeViewerPluginsManager.m in Sources */ = {isa = PBXBuildFile; fileRef = C583065918A6AA45006C279D /* MBMimeViewerPluginsManager.m */; };
		C583065E18A6AD32006C279D /* MoedaeMailPlugins.h in Headers */ = {isa = PBXBuildFile; fileRef = C583065C18A6AD32006C279D /* MoedaeMailPlugins.h */; settings = {ATTRIBUTES = (Public, ); }; };
		C5B8326218A2B46600A94197 /* MMPTextViewWithIntrinsic.h in Headers */ = {isa = PBXBuildFile; fileRef = C5B8326018A2B46600A94197 /* MMPTextViewWithIntrinsic.h */; settings = {ATTRIBUTES = (Public, ); }; };
		C5B8326318A2B46600A94197 /* MMPTextViewWithIntrinsic.m in Sources */ = {isa = PBXBuildFile; fileRef = C5B8326118A2B46600A94197 /* MMPTextViewWithIntrinsic.m */; };
		C5BB135C18A14B9D001B513E /* Cocoa.framework in Frameworks */ = {isa = PBXBuildFile; fileRef = C5BB135B18A14B9D001B513E /* Cocoa.framework */; };
		C5BB136618A14B9D001B513E /* InfoPlist.strings in Resources */ = {isa = PBXBuildFile; fileRef = C5BB136418A14B9D001B513E /* InfoPlist.strings */; };
		C5BB136A18A14B9D001B513E /* MMPBaseMimeView.m in Sources */ = {isa = PBXBuildFile; fileRef = C5BB136918A14B9D001B513E /* MMPBaseMimeView.m */; };
		C5BB137118A14B9D001B513E /* XCTest.framework in Frameworks */ = {isa = PBXBuildFile; fileRef = C5BB137018A14B9D001B513E /* XCTest.framework */; };
		C5BB137218A14B9D001B513E /* Cocoa.framework in Frameworks */ = {isa = PBXBuildFile; fileRef = C5BB135B18A14B9D001B513E /* Cocoa.framework */; };
		C5BB137518A14B9D001B513E /* MoedaeMailPlugins.framework in Frameworks */ = {isa = PBXBuildFile; fileRef = C5BB135818A14B9D001B513E /* MoedaeMailPlugins.framework */; };
		C5BB137B18A14B9D001B513E /* InfoPlist.strings in Resources */ = {isa = PBXBuildFile; fileRef = C5BB137918A14B9D001B513E /* InfoPlist.strings */; };
		C5BB137D18A14B9D001B513E /* MoedaeMailPluginsBaseTests.m in Sources */ = {isa = PBXBuildFile; fileRef = C5BB137C18A14B9D001B513E /* MoedaeMailPluginsBaseTests.m */; };
		C5FA233618CA915D005C2202 /* SimpleRFC822Address.h in Headers */ = {isa = PBXBuildFile; fileRef = C5FA233218CA915D005C2202 /* SimpleRFC822Address.h */; settings = {ATTRIBUTES = (Public, ); }; };
		C5FA233718CA915D005C2202 /* SimpleRFC822Address.m in Sources */ = {isa = PBXBuildFile; fileRef = C5FA233318CA915D005C2202 /* SimpleRFC822Address.m */; };
		C5FA233818CA915D005C2202 /* SimpleRFC822Address.m in Sources */ = {isa = PBXBuildFile; fileRef = C5FA233318CA915D005C2202 /* SimpleRFC822Address.m */; };
		C5FA233918CA915D005C2202 /* MBoxProxy.h in Headers */ = {isa = PBXBuildFile; fileRef = C5FA233418CA915D005C2202 /* MBoxProxy.h */; settings = {ATTRIBUTES = (Public, ); }; };
		C5FA233A18CA915D005C2202 /* MBoxProxy.m in Sources */ = {isa = PBXBuildFile; fileRef = C5FA233518CA915D005C2202 /* MBoxProxy.m */; };
		C5FA233B18CA915D005C2202 /* MBoxProxy.m in Sources */ = {isa = PBXBuildFile; fileRef = C5FA233518CA915D005C2202 /* MBoxProxy.m */; };
		C5FA234418CA916C005C2202 /* NSString+IMAPConversions.h in Headers */ = {isa = PBXBuildFile; fileRef = C5FA233C18CA916C005C2202 /* NSString+IMAPConversions.h */; settings = {ATTRIBUTES = (Public, ); }; };
		C5FA234518CA916C005C2202 /* NSString+IMAPConversions.m in Sources */ = {isa = PBXBuildFile; fileRef = C5FA233D18CA916C005C2202 /* NSString+IMAPConversions.m */; };
		C5FA234618CA916C005C2202 /* NSString+IMAPConversions.m in Sources */ = {isa = PBXBuildFile; fileRef = C5FA233D18CA916C005C2202 /* NSString+IMAPConversions.m */; };
		C5FA234718CA916C005C2202 /* NSObject+MBShorthand.h in Headers */ = {isa = PBXBuildFile; fileRef = C5FA233E18CA916C005C2202 /* NSObject+MBShorthand.h */; settings = {ATTRIBUTES = (Public, ); }; };
		C5FA234818CA916C005C2202 /* NSObject+MBShorthand.m in Sources */ = {isa = PBXBuildFile; fileRef = C5FA233F18CA916C005C2202 /* NSObject+MBShorthand.m */; };
		C5FA234918CA916C005C2202 /* NSObject+MBShorthand.m in Sources */ = {isa = PBXBuildFile; fileRef = C5FA233F18CA916C005C2202 /* NSObject+MBShorthand.m */; };
		C5FA234A18CA916C005C2202 /* NSScanner+IMAPConversions.h in Headers */ = {isa = PBXBuildFile; fileRef = C5FA234018CA916C005C2202 /* NSScanner+IMAPConversions.h */; settings = {ATTRIBUTES = (Public, ); }; };
		C5FA234B18CA916C005C2202 /* NSScanner+IMAPConversions.m in Sources */ = {isa = PBXBuildFile; fileRef = C5FA234118CA916C005C2202 /* NSScanner+IMAPConversions.m */; };
		C5FA234C18CA916C005C2202 /* NSScanner+IMAPConversions.m in Sources */ = {isa = PBXBuildFile; fileRef = C5FA234118CA916C005C2202 /* NSScanner+IMAPConversions.m */; };
		C5FA234D18CA916C005C2202 /* NSObject+TokenDispatch.h in Headers */ = {isa = PBXBuildFile; fileRef = C5FA234218CA916C005C2202 /* NSObject+TokenDispatch.h */; settings = {ATTRIBUTES = (Public, ); }; };
		C5FA234E18CA916C005C2202 /* NSObject+TokenDispatch.m in Sources */ = {isa = PBXBuildFile; fileRef = C5FA234318CA916C005C2202 /* NSObject+TokenDispatch.m */; };
		C5FA234F18CA916C005C2202 /* NSObject+TokenDispatch.m in Sources */ = {isa = PBXBuildFile; fileRef = C5FA234318CA916C005C2202 /* NSObject+TokenDispatch.m */; };
/* End PBXBuildFile section */

/* Begin PBXContainerItemProxy section */
		C5BB137318A14B9D001B513E /* PBXContainerItemProxy */ = {
			isa = PBXContainerItemProxy;
			containerPortal = C5BB134F18A14B9D001B513E /* Project object */;
			proxyType = 1;
			remoteGlobalIDString = C5BB135718A14B9D001B513E;
			remoteInfo = MoedaeMailPluginsBase;
		};
/* End PBXContainerItemProxy section */

/* Begin PBXFileReference section */
		C500626E18AD348800371E5D /* MMPPluginMissing.h */ = {isa = PBXFileReference; fileEncoding = 4; lastKnownFileType = sourcecode.c.h; path = MMPPluginMissing.h; sourceTree = "<group>"; };
		C500626F18AD348800371E5D /* MMPPluginMissing.m */ = {isa = PBXFileReference; fileEncoding = 4; lastKnownFileType = sourcecode.c.objc; path = MMPPluginMissing.m; sourceTree = "<group>"; };
		C50062BE18AFDCBC00371E5D /* MMPAttributedStringBase.h */ = {isa = PBXFileReference; fileEncoding = 4; lastKnownFileType = sourcecode.c.h; path = MMPAttributedStringBase.h; sourceTree = "<group>"; };
		C50062BF18AFDCBC00371E5D /* MMPAttributedStringBase.m */ = {isa = PBXFileReference; fileEncoding = 4; lastKnownFileType = sourcecode.c.objc; path = MMPAttributedStringBase.m; sourceTree = "<group>"; };
		C530E0CD18B19EFE00EF1E37 /* MMPMessageViewOptions.h */ = {isa = PBXFileReference; fileEncoding = 4; lastKnownFileType = sourcecode.c.h; path = MMPMessageViewOptions.h; sourceTree = "<group>"; };
		C530E0CE18B19EFE00EF1E37 /* MMPMessageViewOptions.m */ = {isa = PBXFileReference; fileEncoding = 4; lastKnownFileType = sourcecode.c.objc; path = MMPMessageViewOptions.m; sourceTree = "<group>"; };
		C55081A818A1757600F4D77A /* MMPMimeProxy.h */ = {isa = PBXFileReference; fileEncoding = 4; lastKnownFileType = sourcecode.c.h; path = MMPMimeProxy.h; sourceTree = "<group>"; };
		C55081A918A1757600F4D77A /* MMPMimeProxy.m */ = {isa = PBXFileReference; fileEncoding = 4; lastKnownFileType = sourcecode.c.objc; path = MMPMimeProxy.m; sourceTree = "<group>"; };
		C583065818A6AA45006C279D /* MBMimeViewerPluginsManager.h */ = {isa = PBXFileReference; fileEncoding = 4; lastKnownFileType = sourcecode.c.h; path = MBMimeViewerPluginsManager.h; sourceTree = "<group>"; };
		C583065918A6AA45006C279D /* MBMimeViewerPluginsManager.m */ = {isa = PBXFileReference; fileEncoding = 4; lastKnownFileType = sourcecode.c.objc; path = MBMimeViewerPluginsManager.m; sourceTree = "<group>"; };
		C583065C18A6AD32006C279D /* MoedaeMailPlugins.h */ = {isa = PBXFileReference; fileEncoding = 4; lastKnownFileType = sourcecode.c.h; path = MoedaeMailPlugins.h; sourceTree = "<group>"; };
		C5B8326018A2B46600A94197 /* MMPTextViewWithIntrinsic.h */ = {isa = PBXFileReference; fileEncoding = 4; lastKnownFileType = sourcecode.c.h; path = MMPTextViewWithIntrinsic.h; sourceTree = "<group>"; };
		C5B8326118A2B46600A94197 /* MMPTextViewWithIntrinsic.m */ = {isa = PBXFileReference; fileEncoding = 4; lastKnownFileType = sourcecode.c.objc; path = MMPTextViewWithIntrinsic.m; sourceTree = "<group>"; };
		C5BB135818A14B9D001B513E /* MoedaeMailPlugins.framework */ = {isa = PBXFileReference; explicitFileType = wrapper.framework; includeInIndex = 0; path = MoedaeMailPlugins.framework; sourceTree = BUILT_PRODUCTS_DIR; };
		C5BB135B18A14B9D001B513E /* Cocoa.framework */ = {isa = PBXFileReference; lastKnownFileType = wrapper.framework; name = Cocoa.framework; path = System/Library/Frameworks/Cocoa.framework; sourceTree = SDKROOT; };
		C5BB135E18A14B9D001B513E /* Foundation.framework */ = {isa = PBXFileReference; lastKnownFileType = wrapper.framework; name = Foundation.framework; path = System/Library/Frameworks/Foundation.framework; sourceTree = SDKROOT; };
		C5BB135F18A14B9D001B513E /* CoreData.framework */ = {isa = PBXFileReference; lastKnownFileType = wrapper.framework; name = CoreData.framework; path = System/Library/Frameworks/CoreData.framework; sourceTree = SDKROOT; };
		C5BB136018A14B9D001B513E /* AppKit.framework */ = {isa = PBXFileReference; lastKnownFileType = wrapper.framework; name = AppKit.framework; path = System/Library/Frameworks/AppKit.framework; sourceTree = SDKROOT; };
		C5BB136318A14B9D001B513E /* MoedaeMailPlugins-Info.plist */ = {isa = PBXFileReference; lastKnownFileType = text.plist.xml; path = "MoedaeMailPlugins-Info.plist"; sourceTree = "<group>"; };
		C5BB136518A14B9D001B513E /* en */ = {isa = PBXFileReference; lastKnownFileType = text.plist.strings; name = en; path = en.lproj/InfoPlist.strings; sourceTree = "<group>"; };
		C5BB136718A14B9D001B513E /* MoedaeMailPlugins-Prefix.pch */ = {isa = PBXFileReference; lastKnownFileType = sourcecode.c.h; path = "MoedaeMailPlugins-Prefix.pch"; sourceTree = "<group>"; };
		C5BB136818A14B9D001B513E /* MMPBaseMimeView.h */ = {isa = PBXFileReference; lastKnownFileType = sourcecode.c.h; path = MMPBaseMimeView.h; sourceTree = "<group>"; };
		C5BB136918A14B9D001B513E /* MMPBaseMimeView.m */ = {isa = PBXFileReference; lastKnownFileType = sourcecode.c.objc; path = MMPBaseMimeView.m; sourceTree = "<group>"; };
		C5BB136F18A14B9D001B513E /* MoedaeMailPluginsTests.xctest */ = {isa = PBXFileReference; explicitFileType = wrapper.cfbundle; includeInIndex = 0; path = MoedaeMailPluginsTests.xctest; sourceTree = BUILT_PRODUCTS_DIR; };
		C5BB137018A14B9D001B513E /* XCTest.framework */ = {isa = PBXFileReference; lastKnownFileType = wrapper.framework; name = XCTest.framework; path = Library/Frameworks/XCTest.framework; sourceTree = DEVELOPER_DIR; };
		C5BB137818A14B9D001B513E /* MoedaeMailPluginsTests-Info.plist */ = {isa = PBXFileReference; lastKnownFileType = text.plist.xml; path = "MoedaeMailPluginsTests-Info.plist"; sourceTree = "<group>"; };
		C5BB137A18A14B9D001B513E /* en */ = {isa = PBXFileReference; lastKnownFileType = text.plist.strings; name = en; path = en.lproj/InfoPlist.strings; sourceTree = "<group>"; };
		C5BB137C18A14B9D001B513E /* MoedaeMailPluginsBaseTests.m */ = {isa = PBXFileReference; lastKnownFileType = sourcecode.c.objc; path = MoedaeMailPluginsBaseTests.m; sourceTree = "<group>"; };
		C5FA233218CA915D005C2202 /* SimpleRFC822Address.h */ = {isa = PBXFileReference; fileEncoding = 4; lastKnownFileType = sourcecode.c.h; path = SimpleRFC822Address.h; sourceTree = "<group>"; };
		C5FA233318CA915D005C2202 /* SimpleRFC822Address.m */ = {isa = PBXFileReference; fileEncoding = 4; lastKnownFileType = sourcecode.c.objc; path = SimpleRFC822Address.m; sourceTree = "<group>"; };
		C5FA233418CA915D005C2202 /* MBoxProxy.h */ = {isa = PBXFileReference; fileEncoding = 4; lastKnownFileType = sourcecode.c.h; path = MBoxProxy.h; sourceTree = "<group>"; };
		C5FA233518CA915D005C2202 /* MBoxProxy.m */ = {isa = PBXFileReference; fileEncoding = 4; lastKnownFileType = sourcecode.c.objc; path = MBoxProxy.m; sourceTree = "<group>"; };
		C5FA233C18CA916C005C2202 /* NSString+IMAPConversions.h */ = {isa = PBXFileReference; fileEncoding = 4; lastKnownFileType = sourcecode.c.h; path = "NSString+IMAPConversions.h"; sourceTree = "<group>"; };
		C5FA233D18CA916C005C2202 /* NSString+IMAPConversions.m */ = {isa = PBXFileReference; fileEncoding = 4; lastKnownFileType = sourcecode.c.objc; path = "NSString+IMAPConversions.m"; sourceTree = "<group>"; };
		C5FA233E18CA916C005C2202 /* NSObject+MBShorthand.h */ = {isa = PBXFileReference; fileEncoding = 4; lastKnownFileType = sourcecode.c.h; path = "NSObject+MBShorthand.h"; sourceTree = "<group>"; };
		C5FA233F18CA916C005C2202 /* NSObject+MBShorthand.m */ = {isa = PBXFileReference; fileEncoding = 4; lastKnownFileType = sourcecode.c.objc; path = "NSObject+MBShorthand.m"; sourceTree = "<group>"; };
		C5FA234018CA916C005C2202 /* NSScanner+IMAPConversions.h */ = {isa = PBXFileReference; fileEncoding = 4; lastKnownFileType = sourcecode.c.h; path = "NSScanner+IMAPConversions.h"; sourceTree = "<group>"; };
		C5FA234118CA916C005C2202 /* NSScanner+IMAPConversions.m */ = {isa = PBXFileReference; fileEncoding = 4; lastKnownFileType = sourcecode.c.objc; path = "NSScanner+IMAPConversions.m"; sourceTree = "<group>"; };
		C5FA234218CA916C005C2202 /* NSObject+TokenDispatch.h */ = {isa = PBXFileReference; fileEncoding = 4; lastKnownFileType = sourcecode.c.h; path = "NSObject+TokenDispatch.h"; sourceTree = "<group>"; };
		C5FA234318CA916C005C2202 /* NSObject+TokenDispatch.m */ = {isa = PBXFileReference; fileEncoding = 4; lastKnownFileType = sourcecode.c.objc; path = "NSObject+TokenDispatch.m"; sourceTree = "<group>"; };
/* End PBXFileReference section */

/* Begin PBXFrameworksBuildPhase section */
		C5BB135418A14B9D001B513E /* Frameworks */ = {
			isa = PBXFrameworksBuildPhase;
			buildActionMask = 2147483647;
			files = (
				C5BB135C18A14B9D001B513E /* Cocoa.framework in Frameworks */,
			);
			runOnlyForDeploymentPostprocessing = 0;
		};
		C5BB136C18A14B9D001B513E /* Frameworks */ = {
			isa = PBXFrameworksBuildPhase;
			buildActionMask = 2147483647;
			files = (
				C5BB137518A14B9D001B513E /* MoedaeMailPlugins.framework in Frameworks */,
				C5BB137218A14B9D001B513E /* Cocoa.framework in Frameworks */,
				C5BB137118A14B9D001B513E /* XCTest.framework in Frameworks */,
			);
			runOnlyForDeploymentPostprocessing = 0;
		};
/* End PBXFrameworksBuildPhase section */

/* Begin PBXGroup section */
		C5BB134E18A14B9D001B513E = {
			isa = PBXGroup;
			children = (
				C5BB136118A14B9D001B513E /* MoedaeMailPlugins */,
				C5BB137618A14B9D001B513E /* MoedaeMailPluginsTests */,
				C5BB135A18A14B9D001B513E /* Frameworks */,
				C5BB135918A14B9D001B513E /* Products */,
			);
			sourceTree = "<group>";
		};
		C5BB135918A14B9D001B513E /* Products */ = {
			isa = PBXGroup;
			children = (
				C5BB135818A14B9D001B513E /* MoedaeMailPlugins.framework */,
				C5BB136F18A14B9D001B513E /* MoedaeMailPluginsTests.xctest */,
			);
			name = Products;
			sourceTree = "<group>";
		};
		C5BB135A18A14B9D001B513E /* Frameworks */ = {
			isa = PBXGroup;
			children = (
				C5BB135B18A14B9D001B513E /* Cocoa.framework */,
				C5BB137018A14B9D001B513E /* XCTest.framework */,
				C5BB135D18A14B9D001B513E /* Other Frameworks */,
			);
			name = Frameworks;
			sourceTree = "<group>";
		};
		C5BB135D18A14B9D001B513E /* Other Frameworks */ = {
			isa = PBXGroup;
			children = (
				C5BB135E18A14B9D001B513E /* Foundation.framework */,
				C5BB135F18A14B9D001B513E /* CoreData.framework */,
				C5BB136018A14B9D001B513E /* AppKit.framework */,
			);
			name = "Other Frameworks";
			sourceTree = "<group>";
		};
		C5BB136118A14B9D001B513E /* MoedaeMailPlugins */ = {
			isa = PBXGroup;
			children = (
				C5FA233018CA911F005C2202 /* UtilityClasses */,
				C5FA232F18CA90E6005C2202 /* PluginSuperClasses */,
				C5BB136218A14B9D001B513E /* Supporting Files */,
				C583065C18A6AD32006C279D /* MoedaeMailPlugins.h */,
				C583065818A6AA45006C279D /* MBMimeViewerPluginsManager.h */,
				C583065918A6AA45006C279D /* MBMimeViewerPluginsManager.m */,
				C55081A818A1757600F4D77A /* MMPMimeProxy.h */,
				C55081A918A1757600F4D77A /* MMPMimeProxy.m */,
			);
			name = MoedaeMailPlugins;
			path = MoedaeMailPluginsBase;
			sourceTree = "<group>";
		};
		C5BB136218A14B9D001B513E /* Supporting Files */ = {
			isa = PBXGroup;
			children = (
				C5BB136318A14B9D001B513E /* MoedaeMailPlugins-Info.plist */,
				C5BB136418A14B9D001B513E /* InfoPlist.strings */,
				C5BB136718A14B9D001B513E /* MoedaeMailPlugins-Prefix.pch */,
			);
			name = "Supporting Files";
			sourceTree = "<group>";
		};
		C5BB137618A14B9D001B513E /* MoedaeMailPluginsTests */ = {
			isa = PBXGroup;
			children = (
				C5BB137C18A14B9D001B513E /* MoedaeMailPluginsBaseTests.m */,
				C5BB137718A14B9D001B513E /* Supporting Files */,
			);
			name = MoedaeMailPluginsTests;
			path = MoedaeMailPluginsBaseTests;
			sourceTree = "<group>";
		};
		C5BB137718A14B9D001B513E /* Supporting Files */ = {
			isa = PBXGroup;
			children = (
				C5BB137818A14B9D001B513E /* MoedaeMailPluginsTests-Info.plist */,
				C5BB137918A14B9D001B513E /* InfoPlist.strings */,
			);
			name = "Supporting Files";
			sourceTree = "<group>";
		};
		C5FA232F18CA90E6005C2202 /* PluginSuperClasses */ = {
			isa = PBXGroup;
			children = (
				C5B8326018A2B46600A94197 /* MMPTextViewWithIntrinsic.h */,
				C5B8326118A2B46600A94197 /* MMPTextViewWithIntrinsic.m */,
				C5BB136818A14B9D001B513E /* MMPBaseMimeView.h */,
				C5BB136918A14B9D001B513E /* MMPBaseMimeView.m */,
				C500626E18AD348800371E5D /* MMPPluginMissing.h */,
				C500626F18AD348800371E5D /* MMPPluginMissing.m */,
				C50062BE18AFDCBC00371E5D /* MMPAttributedStringBase.h */,
				C50062BF18AFDCBC00371E5D /* MMPAttributedStringBase.m */,
				C530E0CD18B19EFE00EF1E37 /* MMPMessageViewOptions.h */,
				C530E0CE18B19EFE00EF1E37 /* MMPMessageViewOptions.m */,
			);
			name = PluginSuperClasses;
			sourceTree = "<group>";
		};
		C5FA233018CA911F005C2202 /* UtilityClasses */ = {
			isa = PBXGroup;
			children = (
				C5FA233218CA915D005C2202 /* SimpleRFC822Address.h */,
				C5FA233318CA915D005C2202 /* SimpleRFC822Address.m */,
				C5FA233418CA915D005C2202 /* MBoxProxy.h */,
				C5FA233518CA915D005C2202 /* MBoxProxy.m */,
				C5FA233118CA913C005C2202 /* NSCategories */,
			);
			name = UtilityClasses;
			sourceTree = "<group>";
		};
		C5FA233118CA913C005C2202 /* NSCategories */ = {
			isa = PBXGroup;
			children = (
				C5FA233C18CA916C005C2202 /* NSString+IMAPConversions.h */,
				C5FA233D18CA916C005C2202 /* NSString+IMAPConversions.m */,
				C5FA233E18CA916C005C2202 /* NSObject+MBShorthand.h */,
				C5FA233F18CA916C005C2202 /* NSObject+MBShorthand.m */,
				C5FA234018CA916C005C2202 /* NSScanner+IMAPConversions.h */,
				C5FA234118CA916C005C2202 /* NSScanner+IMAPConversions.m */,
				C5FA234218CA916C005C2202 /* NSObject+TokenDispatch.h */,
				C5FA234318CA916C005C2202 /* NSObject+TokenDispatch.m */,
			);
			name = NSCategories;
			sourceTree = "<group>";
		};
/* End PBXGroup section */

/* Begin PBXHeadersBuildPhase section */
		C5BB135518A14B9D001B513E /* Headers */ = {
			isa = PBXHeadersBuildPhase;
			buildActionMask = 2147483647;
			files = (
				C583065E18A6AD32006C279D /* MoedaeMailPlugins.h in Headers */,
				C583065A18A6AA45006C279D /* MBMimeViewerPluginsManager.h in Headers */,
				C5B8326218A2B46600A94197 /* MMPTextViewWithIntrinsic.h in Headers */,
				C50062C018AFDCBC00371E5D /* MMPAttributedStringBase.h in Headers */,
				C5FA234A18CA916C005C2202 /* NSScanner+IMAPConversions.h in Headers */,
				C5FA233618CA915D005C2202 /* SimpleRFC822Address.h in Headers */,
				C5FA233918CA915D005C2202 /* MBoxProxy.h in Headers */,
				C5FA234D18CA916C005C2202 /* NSObject+TokenDispatch.h in Headers */,
				C5FA234718CA916C005C2202 /* NSObject+MBShorthand.h in Headers */,
				C5FA234418CA916C005C2202 /* NSString+IMAPConversions.h in Headers */,
				C55081B218A178CB00F4D77A /* MMPBaseMimeView.h in Headers */,
				C530E0CF18B19EFE00EF1E37 /* MMPMessageViewOptions.h in Headers */,
				C55081AA18A1757600F4D77A /* MMPMimeProxy.h in Headers */,
				C500627018AD348800371E5D /* MMPPluginMissing.h in Headers */,
			);
			runOnlyForDeploymentPostprocessing = 0;
		};
/* End PBXHeadersBuildPhase section */

/* Begin PBXNativeTarget section */
		C5BB135718A14B9D001B513E /* MoedaeMailPlugins */ = {
			isa = PBXNativeTarget;
			buildConfigurationList = C5BB138018A14B9D001B513E /* Build configuration list for PBXNativeTarget "MoedaeMailPlugins" */;
			buildPhases = (
				C5BB135318A14B9D001B513E /* Sources */,
				C5BB135418A14B9D001B513E /* Frameworks */,
				C5BB135518A14B9D001B513E /* Headers */,
				C5BB135618A14B9D001B513E /* Resources */,
			);
			buildRules = (
			);
			dependencies = (
			);
			name = MoedaeMailPlugins;
			productName = MoedaeMailPluginsBase;
			productReference = C5BB135818A14B9D001B513E /* MoedaeMailPlugins.framework */;
			productType = "com.apple.product-type.framework";
		};
		C5BB136E18A14B9D001B513E /* MoedaeMailPluginsTests */ = {
			isa = PBXNativeTarget;
			buildConfigurationList = C5BB138318A14B9D001B513E /* Build configuration list for PBXNativeTarget "MoedaeMailPluginsTests" */;
			buildPhases = (
				C5BB136B18A14B9D001B513E /* Sources */,
				C5BB136C18A14B9D001B513E /* Frameworks */,
				C5BB136D18A14B9D001B513E /* Resources */,
			);
			buildRules = (
			);
			dependencies = (
				C5BB137418A14B9D001B513E /* PBXTargetDependency */,
			);
			name = MoedaeMailPluginsTests;
			productName = MoedaeMailPluginsBaseTests;
			productReference = C5BB136F18A14B9D001B513E /* MoedaeMailPluginsTests.xctest */;
			productType = "com.apple.product-type.bundle.unit-test";
		};
/* End PBXNativeTarget section */

/* Begin PBXProject section */
		C5BB134F18A14B9D001B513E /* Project object */ = {
			isa = PBXProject;
			attributes = {
				LastUpgradeCheck = 0500;
				ORGANIZATIONNAME = "MOEDAE LLC";
				TargetAttributes = {
					C5BB136E18A14B9D001B513E = {
						TestTargetID = C5BB135718A14B9D001B513E;
					};
				};
			};
			buildConfigurationList = C5BB135218A14B9D001B513E /* Build configuration list for PBXProject "MoedaeMailPlugins" */;
			compatibilityVersion = "Xcode 3.2";
			developmentRegion = English;
			hasScannedForEncodings = 0;
			knownRegions = (
				en,
			);
			mainGroup = C5BB134E18A14B9D001B513E;
			productRefGroup = C5BB135918A14B9D001B513E /* Products */;
			projectDirPath = "";
			projectRoot = "";
			targets = (
				C5BB135718A14B9D001B513E /* MoedaeMailPlugins */,
				C5BB136E18A14B9D001B513E /* MoedaeMailPluginsTests */,
			);
		};
/* End PBXProject section */

/* Begin PBXResourcesBuildPhase section */
		C5BB135618A14B9D001B513E /* Resources */ = {
			isa = PBXResourcesBuildPhase;
			buildActionMask = 2147483647;
			files = (
				C5BB136618A14B9D001B513E /* InfoPlist.strings in Resources */,
			);
			runOnlyForDeploymentPostprocessing = 0;
		};
		C5BB136D18A14B9D001B513E /* Resources */ = {
			isa = PBXResourcesBuildPhase;
			buildActionMask = 2147483647;
			files = (
				C5BB137B18A14B9D001B513E /* InfoPlist.strings in Resources */,
			);
			runOnlyForDeploymentPostprocessing = 0;
		};
/* End PBXResourcesBuildPhase section */

/* Begin PBXSourcesBuildPhase section */
		C5BB135318A14B9D001B513E /* Sources */ = {
			isa = PBXSourcesBuildPhase;
			buildActionMask = 2147483647;
			files = (
				C5FA233A18CA915D005C2202 /* MBoxProxy.m in Sources */,
				C530E0D018B19EFE00EF1E37 /* MMPMessageViewOptions.m in Sources */,
				C50062C118AFDCBC00371E5D /* MMPAttributedStringBase.m in Sources */,
				C5FA234E18CA916C005C2202 /* NSObject+TokenDispatch.m in Sources */,
				C5BB136A18A14B9D001B513E /* MMPBaseMimeView.m in Sources */,
				C5FA234B18CA916C005C2202 /* NSScanner+IMAPConversions.m in Sources */,
				C583065B18A6AA45006C279D /* MBMimeViewerPluginsManager.m in Sources */,
				C500627118AD348800371E5D /* MMPPluginMissing.m in Sources */,
				C5B8326318A2B46600A94197 /* MMPTextViewWithIntrinsic.m in Sources */,
				C55081AB18A1757600F4D77A /* MMPMimeProxy.m in Sources */,
				C5FA234818CA916C005C2202 /* NSObject+MBShorthand.m in Sources */,
				C5FA234518CA916C005C2202 /* NSString+IMAPConversions.m in Sources */,
				C5FA233718CA915D005C2202 /* SimpleRFC822Address.m in Sources */,
			);
			runOnlyForDeploymentPostprocessing = 0;
		};
		C5BB136B18A14B9D001B513E /* Sources */ = {
			isa = PBXSourcesBuildPhase;
			buildActionMask = 2147483647;
			files = (
				C5FA233818CA915D005C2202 /* SimpleRFC822Address.m in Sources */,
				C5BB137D18A14B9D001B513E /* MoedaeMailPluginsBaseTests.m in Sources */,
				C5FA233B18CA915D005C2202 /* MBoxProxy.m in Sources */,
				C5FA234618CA916C005C2202 /* NSString+IMAPConversions.m in Sources */,
				C5FA234918CA916C005C2202 /* NSObject+MBShorthand.m in Sources */,
				C55081AC18A1757600F4D77A /* MMPMimeProxy.m in Sources */,
				C5FA234C18CA916C005C2202 /* NSScanner+IMAPConversions.m in Sources */,
				C5FA234F18CA916C005C2202 /* NSObject+TokenDispatch.m in Sources */,
			);
			runOnlyForDeploymentPostprocessing = 0;
		};
/* End PBXSourcesBuildPhase section */

/* Begin PBXTargetDependency section */
		C5BB137418A14B9D001B513E /* PBXTargetDependency */ = {
			isa = PBXTargetDependency;
			target = C5BB135718A14B9D001B513E /* MoedaeMailPlugins */;
			targetProxy = C5BB137318A14B9D001B513E /* PBXContainerItemProxy */;
		};
/* End PBXTargetDependency section */

/* Begin PBXVariantGroup section */
		C5BB136418A14B9D001B513E /* InfoPlist.strings */ = {
			isa = PBXVariantGroup;
			children = (
				C5BB136518A14B9D001B513E /* en */,
			);
			name = InfoPlist.strings;
			sourceTree = "<group>";
		};
		C5BB137918A14B9D001B513E /* InfoPlist.strings */ = {
			isa = PBXVariantGroup;
			children = (
				C5BB137A18A14B9D001B513E /* en */,
			);
			name = InfoPlist.strings;
			sourceTree = "<group>";
		};
/* End PBXVariantGroup section */

/* Begin XCBuildConfiguration section */
		C5BB137E18A14B9D001B513E /* Debug */ = {
			isa = XCBuildConfiguration;
			buildSettings = {
				ALWAYS_SEARCH_USER_PATHS = NO;
				CLANG_CXX_LANGUAGE_STANDARD = "gnu++0x";
				CLANG_CXX_LIBRARY = "libc++";
				CLANG_ENABLE_OBJC_ARC = YES;
				CLANG_WARN_BOOL_CONVERSION = YES;
				CLANG_WARN_CONSTANT_CONVERSION = YES;
				CLANG_WARN_DIRECT_OBJC_ISA_USAGE = YES_ERROR;
				CLANG_WARN_EMPTY_BODY = YES;
				CLANG_WARN_ENUM_CONVERSION = YES;
				CLANG_WARN_INT_CONVERSION = YES;
				CLANG_WARN_OBJC_ROOT_CLASS = YES_ERROR;
				CLANG_WARN__DUPLICATE_METHOD_MATCH = YES;
				COPY_PHASE_STRIP = NO;
				GCC_C_LANGUAGE_STANDARD = gnu99;
				GCC_DYNAMIC_NO_PIC = NO;
				GCC_ENABLE_OBJC_EXCEPTIONS = YES;
				GCC_OPTIMIZATION_LEVEL = 0;
				GCC_PREPROCESSOR_DEFINITIONS = (
					"DEBUG=1",
					"$(inherited)",
				);
				GCC_SYMBOLS_PRIVATE_EXTERN = NO;
				GCC_WARN_64_TO_32_BIT_CONVERSION = YES;
				GCC_WARN_ABOUT_RETURN_TYPE = YES_ERROR;
				GCC_WARN_UNDECLARED_SELECTOR = YES;
				GCC_WARN_UNINITIALIZED_AUTOS = YES;
				GCC_WARN_UNUSED_FUNCTION = YES;
				GCC_WARN_UNUSED_VARIABLE = YES;
				MACOSX_DEPLOYMENT_TARGET = 10.9;
				ONLY_ACTIVE_ARCH = YES;
				SDKROOT = macosx;
			};
			name = Debug;
		};
		C5BB137F18A14B9D001B513E /* Release */ = {
			isa = XCBuildConfiguration;
			buildSettings = {
				ALWAYS_SEARCH_USER_PATHS = NO;
				CLANG_CXX_LANGUAGE_STANDARD = "gnu++0x";
				CLANG_CXX_LIBRARY = "libc++";
				CLANG_ENABLE_OBJC_ARC = YES;
				CLANG_WARN_BOOL_CONVERSION = YES;
				CLANG_WARN_CONSTANT_CONVERSION = YES;
				CLANG_WARN_DIRECT_OBJC_ISA_USAGE = YES_ERROR;
				CLANG_WARN_EMPTY_BODY = YES;
				CLANG_WARN_ENUM_CONVERSION = YES;
				CLANG_WARN_INT_CONVERSION = YES;
				CLANG_WARN_OBJC_ROOT_CLASS = YES_ERROR;
				CLANG_WARN__DUPLICATE_METHOD_MATCH = YES;
				COPY_PHASE_STRIP = YES;
				DEBUG_INFORMATION_FORMAT = "dwarf-with-dsym";
				ENABLE_NS_ASSERTIONS = NO;
				GCC_C_LANGUAGE_STANDARD = gnu99;
				GCC_ENABLE_OBJC_EXCEPTIONS = YES;
				GCC_WARN_64_TO_32_BIT_CONVERSION = YES;
				GCC_WARN_ABOUT_RETURN_TYPE = YES_ERROR;
				GCC_WARN_UNDECLARED_SELECTOR = YES;
				GCC_WARN_UNINITIALIZED_AUTOS = YES;
				GCC_WARN_UNUSED_FUNCTION = YES;
				GCC_WARN_UNUSED_VARIABLE = YES;
				MACOSX_DEPLOYMENT_TARGET = 10.9;
				SDKROOT = macosx;
			};
			name = Release;
		};
		C5BB138118A14B9D001B513E /* Debug */ = {
			isa = XCBuildConfiguration;
			buildSettings = {
				COMBINE_HIDPI_IMAGES = YES;
				DYLIB_COMPATIBILITY_VERSION = 1;
				DYLIB_CURRENT_VERSION = 1;
				FRAMEWORK_VERSION = A;
				GCC_PRECOMPILE_PREFIX_HEADER = YES;
				GCC_PREFIX_HEADER = "MoedaeMailPluginsBase/MoedaeMailPlugins-Prefix.pch";
				INFOPLIST_FILE = "MoedaeMailPluginsBase/MoedaeMailPlugins-Info.plist";
				PRODUCT_NAME = MoedaeMailPlugins;
				WRAPPER_EXTENSION = framework;
			};
			name = Debug;
		};
		C5BB138218A14B9D001B513E /* Release */ = {
			isa = XCBuildConfiguration;
			buildSettings = {
				COMBINE_HIDPI_IMAGES = YES;
				DYLIB_COMPATIBILITY_VERSION = 1;
				DYLIB_CURRENT_VERSION = 1;
				FRAMEWORK_VERSION = A;
				GCC_PRECOMPILE_PREFIX_HEADER = YES;
				GCC_PREFIX_HEADER = "MoedaeMailPluginsBase/MoedaeMailPlugins-Prefix.pch";
				INFOPLIST_FILE = "MoedaeMailPluginsBase/MoedaeMailPlugins-Info.plist";
				PRODUCT_NAME = MoedaeMailPlugins;
				WRAPPER_EXTENSION = framework;
			};
			name = Release;
		};
		C5BB138418A14B9D001B513E /* Debug */ = {
			isa = XCBuildConfiguration;
			buildSettings = {
				BUNDLE_LOADER = "$(BUILT_PRODUCTS_DIR)/MoedaeMailPluginsBase.framework/Versions/A/MoedaeMailPluginsBase";
				COMBINE_HIDPI_IMAGES = YES;
				FRAMEWORK_SEARCH_PATHS = (
					"$(DEVELOPER_FRAMEWORKS_DIR)",
					"$(inherited)",
				);
				GCC_PRECOMPILE_PREFIX_HEADER = YES;
				GCC_PREFIX_HEADER = "MoedaeMailPluginsBase/MoedaeMailPluginsBase-Prefix.pch";
				GCC_PREPROCESSOR_DEFINITIONS = (
					"DEBUG=1",
					"$(inherited)",
				);
				INFOPLIST_FILE = "MoedaeMailPluginsBaseTests/MoedaeMailPluginsTests-Info.plist";
				PRODUCT_NAME = MoedaeMailPluginsTests;
				TEST_HOST = "$(BUNDLE_LOADER)";
				WRAPPER_EXTENSION = xctest;
			};
			name = Debug;
		};
		C5BB138518A14B9D001B513E /* Release */ = {
			isa = XCBuildConfiguration;
			buildSettings = {
				BUNDLE_LOADER = "$(BUILT_PRODUCTS_DIR)/MoedaeMailPluginsBase.framework/Versions/A/MoedaeMailPluginsBase";
				COMBINE_HIDPI_IMAGES = YES;
				FRAMEWORK_SEARCH_PATHS = (
					"$(DEVELOPER_FRAMEWORKS_DIR)",
					"$(inherited)",
				);
				GCC_PRECOMPILE_PREFIX_HEADER = YES;
				GCC_PREFIX_HEADER = "MoedaeMailPluginsBase/MoedaeMailPluginsBase-Prefix.pch";
				INFOPLIST_FILE = "MoedaeMailPluginsBaseTests/MoedaeMailPluginsTests-Info.plist";
				PRODUCT_NAME = MoedaeMailPluginsTests;
				TEST_HOST = "$(BUNDLE_LOADER)";
				WRAPPER_EXTENSION = xctest;
			};
			name = Release;
		};
/* End XCBuildConfiguration section */

/* Begin XCConfigurationList section */
		C5BB135218A14B9D001B513E /* Build configuration list for PBXProject "MoedaeMailPlugins" */ = {
			isa = XCConfigurationList;
			buildConfigurations = (
				C5BB137E18A14B9D001B513E /* Debug */,
				C5BB137F18A14B9D001B513E /* Release */,
			);
			defaultConfigurationIsVisible = 0;
			defaultConfigurationName = Release;
		};
		C5BB138018A14B9D001B513E /* Build configuration list for PBXNativeTarget "MoedaeMailPlugins" */ = {
			isa = XCConfigurationList;
			buildConfigurations = (
				C5BB138118A14B9D001B513E /* Debug */,
				C5BB138218A14B9D001B513E /* Release */,
			);
			defaultConfigurationIsVisible = 0;
			defaultConfigurationName = Release;
		};
		C5BB138318A14B9D001B513E /* Build configuration list for PBXNativeTarget "MoedaeMailPluginsTests" */ = {
			isa = XCConfigurationList;
			buildConfigurations = (
				C5BB138418A14B9D001B513E /* Debug */,
				C5BB138518A14B9D001B513E /* Release */,
			);
			defaultConfigurationIsVisible = 0;
			defaultConfigurationName = Release;
		};
/* End XCConfigurationList section */
	};
	rootObject = C5BB134F18A14B9D001B513E /* Project object */;
}
